// !$*UTF8*$!
{
	archiveVersion = 1;
	classes = {
	};
	objectVersion = 55;
	objects = {

/* Begin PBXBuildFile section */
		58764D67284B002500A9EC71 /* 80.Remove Duplicates from Sorted Array II.swift in Sources */ = {isa = PBXBuildFile; fileRef = 58764D66284B002500A9EC71 /* 80.Remove Duplicates from Sorted Array II.swift */; };
		58764D68284B002800A9EC71 /* 80.Remove Duplicates from Sorted Array II.swift in Sources */ = {isa = PBXBuildFile; fileRef = 58764D66284B002500A9EC71 /* 80.Remove Duplicates from Sorted Array II.swift */; };
		58764D6A284B076A00A9EC71 /* LC28.swift in Sources */ = {isa = PBXBuildFile; fileRef = 58764D69284B076A00A9EC71 /* LC28.swift */; };
		58764D6C284B473C00A9EC71 /* 33.Search in Rotated Sorted Array.swift in Sources */ = {isa = PBXBuildFile; fileRef = 58764D6B284B473C00A9EC71 /* 33.Search in Rotated Sorted Array.swift */; };
		58764D6D284B473C00A9EC71 /* 33.Search in Rotated Sorted Array.swift in Sources */ = {isa = PBXBuildFile; fileRef = 58764D6B284B473C00A9EC71 /* 33.Search in Rotated Sorted Array.swift */; };
		58764D70284B547100A9EC71 /* LC33.swift in Sources */ = {isa = PBXBuildFile; fileRef = 58764D6E284B547100A9EC71 /* LC33.swift */; };
		58BA4B1D284A46E800E74B96 /* 26. Remove Duplicates from Sorted Array.swift in Sources */ = {isa = PBXBuildFile; fileRef = 58BA4B1C284A46E800E74B96 /* 26. Remove Duplicates from Sorted Array.swift */; };
		58BA4B2F284A4CDB00E74B96 /* 26. Remove Duplicates from Sorted Array.swift in Sources */ = {isa = PBXBuildFile; fileRef = 58BA4B1C284A46E800E74B96 /* 26. Remove Duplicates from Sorted Array.swift */; };
		58BA4B31284A4FE000E74B96 /* LC26.swift in Sources */ = {isa = PBXBuildFile; fileRef = 58BA4B30284A4FE000E74B96 /* LC26.swift */; };
/* End PBXBuildFile section */

/* Begin PBXCopyFilesBuildPhase section */
		58BA4B17284A46E800E74B96 /* CopyFiles */ = {
			isa = PBXCopyFilesBuildPhase;
			buildActionMask = 2147483647;
			dstPath = /usr/share/man/man1/;
			dstSubfolderSpec = 0;
			files = (
			);
			runOnlyForDeploymentPostprocessing = 1;
		};
/* End PBXCopyFilesBuildPhase section */

/* Begin PBXFileReference section */
		58764D66284B002500A9EC71 /* 80.Remove Duplicates from Sorted Array II.swift */ = {isa = PBXFileReference; lastKnownFileType = sourcecode.swift; path = "80.Remove Duplicates from Sorted Array II.swift"; sourceTree = "<group>"; };
		58764D69284B076A00A9EC71 /* LC28.swift */ = {isa = PBXFileReference; lastKnownFileType = sourcecode.swift; path = LC28.swift; sourceTree = "<group>"; };
		58764D6B284B473C00A9EC71 /* 33.Search in Rotated Sorted Array.swift */ = {isa = PBXFileReference; lastKnownFileType = sourcecode.swift; path = "33.Search in Rotated Sorted Array.swift"; sourceTree = "<group>"; };
		58764D6E284B547100A9EC71 /* LC33.swift */ = {isa = PBXFileReference; lastKnownFileType = sourcecode.swift; path = LC33.swift; sourceTree = "<group>"; };
		58BA4B19284A46E800E74B96 /* leetcode */ = {isa = PBXFileReference; explicitFileType = "compiled.mach-o.executable"; includeInIndex = 0; path = leetcode; sourceTree = BUILT_PRODUCTS_DIR; };
		58BA4B1C284A46E800E74B96 /* 26. Remove Duplicates from Sorted Array.swift */ = {isa = PBXFileReference; lastKnownFileType = sourcecode.swift; path = "26. Remove Duplicates from Sorted Array.swift"; sourceTree = "<group>"; };
		58BA4B27284A471700E74B96 /* unittests.xctest */ = {isa = PBXFileReference; explicitFileType = wrapper.cfbundle; includeInIndex = 0; path = unittests.xctest; sourceTree = BUILT_PRODUCTS_DIR; };
		58BA4B30284A4FE000E74B96 /* LC26.swift */ = {isa = PBXFileReference; lastKnownFileType = sourcecode.swift; path = LC26.swift; sourceTree = "<group>"; };
/* End PBXFileReference section */

/* Begin PBXFrameworksBuildPhase section */
		58BA4B16284A46E800E74B96 /* Frameworks */ = {
			isa = PBXFrameworksBuildPhase;
			buildActionMask = 2147483647;
			files = (
			);
			runOnlyForDeploymentPostprocessing = 0;
		};
		58BA4B24284A471700E74B96 /* Frameworks */ = {
			isa = PBXFrameworksBuildPhase;
			buildActionMask = 2147483647;
			files = (
			);
			runOnlyForDeploymentPostprocessing = 0;
		};
/* End PBXFrameworksBuildPhase section */

/* Begin PBXGroup section */
		58764D65284AFFF800A9EC71 /* linear-array */ = {
			isa = PBXGroup;
			children = (
				58BA4B1C284A46E800E74B96 /* 26. Remove Duplicates from Sorted Array.swift */,
				58764D66284B002500A9EC71 /* 80.Remove Duplicates from Sorted Array II.swift */,
				58764D6B284B473C00A9EC71 /* 33.Search in Rotated Sorted Array.swift */,
			);
			path = "linear-array";
			sourceTree = "<group>";
		};
		58BA4B10284A46E800E74B96 = {
			isa = PBXGroup;
			children = (
				58BA4B1B284A46E800E74B96 /* leetcode */,
				58BA4B28284A471700E74B96 /* unittests */,
				58BA4B1A284A46E800E74B96 /* Products */,
			);
			sourceTree = "<group>";
		};
		58BA4B1A284A46E800E74B96 /* Products */ = {
			isa = PBXGroup;
			children = (
				58BA4B19284A46E800E74B96 /* leetcode */,
				58BA4B27284A471700E74B96 /* unittests.xctest */,
			);
			name = Products;
			sourceTree = "<group>";
		};
		58BA4B1B284A46E800E74B96 /* leetcode */ = {
			isa = PBXGroup;
			children = (
				58764D65284AFFF800A9EC71 /* linear-array */,
			);
			path = leetcode;
			sourceTree = "<group>";
		};
		58BA4B28284A471700E74B96 /* unittests */ = {
			isa = PBXGroup;
			children = (
				58BA4B30284A4FE000E74B96 /* LC26.swift */,
				58764D69284B076A00A9EC71 /* LC28.swift */,
				58764D6E284B547100A9EC71 /* LC33.swift */,
			);
			path = unittests;
			sourceTree = "<group>";
		};
/* End PBXGroup section */

/* Begin PBXNativeTarget section */
		58BA4B18284A46E800E74B96 /* leetcode */ = {
			isa = PBXNativeTarget;
			buildConfigurationList = 58BA4B20284A46E800E74B96 /* Build configuration list for PBXNativeTarget "leetcode" */;
			buildPhases = (
				58BA4B15284A46E800E74B96 /* Sources */,
				58BA4B16284A46E800E74B96 /* Frameworks */,
				58BA4B17284A46E800E74B96 /* CopyFiles */,
			);
			buildRules = (
			);
			dependencies = (
			);
			name = leetcode;
			productName = leetcode;
			productReference = 58BA4B19284A46E800E74B96 /* leetcode */;
			productType = "com.apple.product-type.tool";
		};
		58BA4B26284A471700E74B96 /* unittests */ = {
			isa = PBXNativeTarget;
			buildConfigurationList = 58BA4B2B284A471700E74B96 /* Build configuration list for PBXNativeTarget "unittests" */;
			buildPhases = (
				58BA4B23284A471700E74B96 /* Sources */,
				58BA4B24284A471700E74B96 /* Frameworks */,
				58BA4B25284A471700E74B96 /* Resources */,
			);
			buildRules = (
			);
			dependencies = (
			);
			name = unittests;
			productName = unittests;
			productReference = 58BA4B27284A471700E74B96 /* unittests.xctest */;
			productType = "com.apple.product-type.bundle.unit-test";
		};
/* End PBXNativeTarget section */

/* Begin PBXProject section */
		58BA4B11284A46E800E74B96 /* Project object */ = {
			isa = PBXProject;
			attributes = {
				BuildIndependentTargetsInParallel = 1;
				LastSwiftUpdateCheck = 1330;
				LastUpgradeCheck = 1340;
				TargetAttributes = {
					58BA4B18284A46E800E74B96 = {
						CreatedOnToolsVersion = 13.3.1;
					};
					58BA4B26284A471700E74B96 = {
						CreatedOnToolsVersion = 13.3.1;
					};
				};
			};
			buildConfigurationList = 58BA4B14284A46E800E74B96 /* Build configuration list for PBXProject "leetcode" */;
			compatibilityVersion = "Xcode 13.0";
			developmentRegion = en;
			hasScannedForEncodings = 0;
			knownRegions = (
				en,
				Base,
			);
			mainGroup = 58BA4B10284A46E800E74B96;
			productRefGroup = 58BA4B1A284A46E800E74B96 /* Products */;
			projectDirPath = "";
			projectRoot = "";
			targets = (
				58BA4B18284A46E800E74B96 /* leetcode */,
				58BA4B26284A471700E74B96 /* unittests */,
			);
		};
/* End PBXProject section */

/* Begin PBXResourcesBuildPhase section */
		58BA4B25284A471700E74B96 /* Resources */ = {
			isa = PBXResourcesBuildPhase;
			buildActionMask = 2147483647;
			files = (
			);
			runOnlyForDeploymentPostprocessing = 0;
		};
/* End PBXResourcesBuildPhase section */

/* Begin PBXSourcesBuildPhase section */
		58BA4B15284A46E800E74B96 /* Sources */ = {
			isa = PBXSourcesBuildPhase;
			buildActionMask = 2147483647;
			files = (
				58764D67284B002500A9EC71 /* 80.Remove Duplicates from Sorted Array II.swift in Sources */,
				58764D6C284B473C00A9EC71 /* 33.Search in Rotated Sorted Array.swift in Sources */,
				58BA4B1D284A46E800E74B96 /* 26. Remove Duplicates from Sorted Array.swift in Sources */,
			);
			runOnlyForDeploymentPostprocessing = 0;
		};
		58BA4B23284A471700E74B96 /* Sources */ = {
			isa = PBXSourcesBuildPhase;
			buildActionMask = 2147483647;
			files = (
				58764D6A284B076A00A9EC71 /* LC28.swift in Sources */,
				58764D6D284B473C00A9EC71 /* 33.Search in Rotated Sorted Array.swift in Sources */,
				58764D68284B002800A9EC71 /* 80.Remove Duplicates from Sorted Array II.swift in Sources */,
				58BA4B31284A4FE000E74B96 /* LC26.swift in Sources */,
				58764D70284B547100A9EC71 /* LC33.swift in Sources */,
				58BA4B2F284A4CDB00E74B96 /* 26. Remove Duplicates from Sorted Array.swift in Sources */,
			);
			runOnlyForDeploymentPostprocessing = 0;
		};
/* End PBXSourcesBuildPhase section */

/* Begin XCBuildConfiguration section */
		58BA4B1E284A46E800E74B96 /* Debug */ = {
			isa = XCBuildConfiguration;
			buildSettings = {
				ALWAYS_SEARCH_USER_PATHS = NO;
				CLANG_ANALYZER_NONNULL = YES;
				CLANG_ANALYZER_NUMBER_OBJECT_CONVERSION = YES_AGGRESSIVE;
				CLANG_CXX_LANGUAGE_STANDARD = "gnu++17";
				CLANG_ENABLE_MODULES = YES;
				CLANG_ENABLE_OBJC_ARC = YES;
				CLANG_ENABLE_OBJC_WEAK = YES;
				CLANG_WARN_BLOCK_CAPTURE_AUTORELEASING = YES;
				CLANG_WARN_BOOL_CONVERSION = YES;
				CLANG_WARN_COMMA = YES;
				CLANG_WARN_CONSTANT_CONVERSION = YES;
				CLANG_WARN_DEPRECATED_OBJC_IMPLEMENTATIONS = YES;
				CLANG_WARN_DIRECT_OBJC_ISA_USAGE = YES_ERROR;
				CLANG_WARN_DOCUMENTATION_COMMENTS = YES;
				CLANG_WARN_EMPTY_BODY = YES;
				CLANG_WARN_ENUM_CONVERSION = YES;
				CLANG_WARN_INFINITE_RECURSION = YES;
				CLANG_WARN_INT_CONVERSION = YES;
				CLANG_WARN_NON_LITERAL_NULL_CONVERSION = YES;
				CLANG_WARN_OBJC_IMPLICIT_RETAIN_SELF = YES;
				CLANG_WARN_OBJC_LITERAL_CONVERSION = YES;
				CLANG_WARN_OBJC_ROOT_CLASS = YES_ERROR;
				CLANG_WARN_QUOTED_INCLUDE_IN_FRAMEWORK_HEADER = YES;
				CLANG_WARN_RANGE_LOOP_ANALYSIS = YES;
				CLANG_WARN_STRICT_PROTOTYPES = YES;
				CLANG_WARN_SUSPICIOUS_MOVE = YES;
				CLANG_WARN_UNGUARDED_AVAILABILITY = YES_AGGRESSIVE;
				CLANG_WARN_UNREACHABLE_CODE = YES;
				CLANG_WARN__DUPLICATE_METHOD_MATCH = YES;
				COPY_PHASE_STRIP = NO;
				DEBUG_INFORMATION_FORMAT = dwarf;
				ENABLE_STRICT_OBJC_MSGSEND = YES;
				ENABLE_TESTABILITY = YES;
				GCC_C_LANGUAGE_STANDARD = gnu11;
				GCC_DYNAMIC_NO_PIC = NO;
				GCC_NO_COMMON_BLOCKS = YES;
				GCC_OPTIMIZATION_LEVEL = 0;
				GCC_PREPROCESSOR_DEFINITIONS = (
					"DEBUG=1",
					"$(inherited)",
				);
				GCC_WARN_64_TO_32_BIT_CONVERSION = YES;
				GCC_WARN_ABOUT_RETURN_TYPE = YES_ERROR;
				GCC_WARN_UNDECLARED_SELECTOR = YES;
				GCC_WARN_UNINITIALIZED_AUTOS = YES_AGGRESSIVE;
				GCC_WARN_UNUSED_FUNCTION = YES;
				GCC_WARN_UNUSED_VARIABLE = YES;
				MACOSX_DEPLOYMENT_TARGET = 12.3;
				MTL_ENABLE_DEBUG_INFO = INCLUDE_SOURCE;
				MTL_FAST_MATH = YES;
				ONLY_ACTIVE_ARCH = YES;
				SDKROOT = macosx;
				SWIFT_ACTIVE_COMPILATION_CONDITIONS = DEBUG;
				SWIFT_OPTIMIZATION_LEVEL = "-Onone";
			};
			name = Debug;
		};
		58BA4B1F284A46E800E74B96 /* Release */ = {
			isa = XCBuildConfiguration;
			buildSettings = {
				ALWAYS_SEARCH_USER_PATHS = NO;
				CLANG_ANALYZER_NONNULL = YES;
				CLANG_ANALYZER_NUMBER_OBJECT_CONVERSION = YES_AGGRESSIVE;
				CLANG_CXX_LANGUAGE_STANDARD = "gnu++17";
				CLANG_ENABLE_MODULES = YES;
				CLANG_ENABLE_OBJC_ARC = YES;
				CLANG_ENABLE_OBJC_WEAK = YES;
				CLANG_WARN_BLOCK_CAPTURE_AUTORELEASING = YES;
				CLANG_WARN_BOOL_CONVERSION = YES;
				CLANG_WARN_COMMA = YES;
				CLANG_WARN_CONSTANT_CONVERSION = YES;
				CLANG_WARN_DEPRECATED_OBJC_IMPLEMENTATIONS = YES;
				CLANG_WARN_DIRECT_OBJC_ISA_USAGE = YES_ERROR;
				CLANG_WARN_DOCUMENTATION_COMMENTS = YES;
				CLANG_WARN_EMPTY_BODY = YES;
				CLANG_WARN_ENUM_CONVERSION = YES;
				CLANG_WARN_INFINITE_RECURSION = YES;
				CLANG_WARN_INT_CONVERSION = YES;
				CLANG_WARN_NON_LITERAL_NULL_CONVERSION = YES;
				CLANG_WARN_OBJC_IMPLICIT_RETAIN_SELF = YES;
				CLANG_WARN_OBJC_LITERAL_CONVERSION = YES;
				CLANG_WARN_OBJC_ROOT_CLASS = YES_ERROR;
				CLANG_WARN_QUOTED_INCLUDE_IN_FRAMEWORK_HEADER = YES;
				CLANG_WARN_RANGE_LOOP_ANALYSIS = YES;
				CLANG_WARN_STRICT_PROTOTYPES = YES;
				CLANG_WARN_SUSPICIOUS_MOVE = YES;
				CLANG_WARN_UNGUARDED_AVAILABILITY = YES_AGGRESSIVE;
				CLANG_WARN_UNREACHABLE_CODE = YES;
				CLANG_WARN__DUPLICATE_METHOD_MATCH = YES;
				COPY_PHASE_STRIP = NO;
				DEBUG_INFORMATION_FORMAT = "dwarf-with-dsym";
				ENABLE_NS_ASSERTIONS = NO;
				ENABLE_STRICT_OBJC_MSGSEND = YES;
				GCC_C_LANGUAGE_STANDARD = gnu11;
				GCC_NO_COMMON_BLOCKS = YES;
				GCC_WARN_64_TO_32_BIT_CONVERSION = YES;
				GCC_WARN_ABOUT_RETURN_TYPE = YES_ERROR;
				GCC_WARN_UNDECLARED_SELECTOR = YES;
				GCC_WARN_UNINITIALIZED_AUTOS = YES_AGGRESSIVE;
				GCC_WARN_UNUSED_FUNCTION = YES;
				GCC_WARN_UNUSED_VARIABLE = YES;
				MACOSX_DEPLOYMENT_TARGET = 12.3;
				MTL_ENABLE_DEBUG_INFO = NO;
				MTL_FAST_MATH = YES;
				SDKROOT = macosx;
				SWIFT_COMPILATION_MODE = wholemodule;
				SWIFT_OPTIMIZATION_LEVEL = "-O";
			};
			name = Release;
		};
		58BA4B21284A46E800E74B96 /* Debug */ = {
			isa = XCBuildConfiguration;
			buildSettings = {
				CODE_SIGN_IDENTITY = "-";
				CODE_SIGN_STYLE = Automatic;
				DEVELOPMENT_TEAM = LZ5JN39H32;
				ENABLE_HARDENED_RUNTIME = YES;
				PRODUCT_NAME = "$(TARGET_NAME)";
				SWIFT_VERSION = 5.0;
			};
			name = Debug;
		};
		58BA4B22284A46E800E74B96 /* Release */ = {
			isa = XCBuildConfiguration;
			buildSettings = {
				CODE_SIGN_IDENTITY = "-";
				CODE_SIGN_STYLE = Automatic;
				DEVELOPMENT_TEAM = LZ5JN39H32;
				ENABLE_HARDENED_RUNTIME = YES;
				PRODUCT_NAME = "$(TARGET_NAME)";
				SWIFT_VERSION = 5.0;
			};
			name = Release;
		};
		58BA4B2C284A471700E74B96 /* Debug */ = {
			isa = XCBuildConfiguration;
			buildSettings = {
				CODE_SIGN_STYLE = Automatic;
				CURRENT_PROJECT_VERSION = 1;
				DEVELOPMENT_TEAM = LZ5JN39H32;
				GENERATE_INFOPLIST_FILE = YES;
				MARKETING_VERSION = 1.0;
				PRODUCT_BUNDLE_IDENTIFIER = "com.wild-core-dump.leetcode.unittests";
				PRODUCT_NAME = "$(TARGET_NAME)";
				SWIFT_EMIT_LOC_STRINGS = NO;
				SWIFT_VERSION = 5.0;
			};
			name = Debug;
		};
		58BA4B2D284A471700E74B96 /* Release */ = {
			isa = XCBuildConfiguration;
			buildSettings = {
				CODE_SIGN_STYLE = Automatic;
				CURRENT_PROJECT_VERSION = 1;
				DEVELOPMENT_TEAM = LZ5JN39H32;
				GENERATE_INFOPLIST_FILE = YES;
				MARKETING_VERSION = 1.0;
				PRODUCT_BUNDLE_IDENTIFIER = "com.wild-core-dump.leetcode.unittests";
				PRODUCT_NAME = "$(TARGET_NAME)";
				SWIFT_EMIT_LOC_STRINGS = NO;
				SWIFT_VERSION = 5.0;
			};
			name = Release;
		};
/* End XCBuildConfiguration section */

/* Begin XCConfigurationList section */
		58BA4B14284A46E800E74B96 /* Build configuration list for PBXProject "leetcode" */ = {
			isa = XCConfigurationList;
			buildConfigurations = (
				58BA4B1E284A46E800E74B96 /* Debug */,
				58BA4B1F284A46E800E74B96 /* Release */,
			);
			defaultConfigurationIsVisible = 0;
			defaultConfigurationName = Release;
		};
		58BA4B20284A46E800E74B96 /* Build configuration list for PBXNativeTarget "leetcode" */ = {
			isa = XCConfigurationList;
			buildConfigurations = (
				58BA4B21284A46E800E74B96 /* Debug */,
				58BA4B22284A46E800E74B96 /* Release */,
			);
			defaultConfigurationIsVisible = 0;
			defaultConfigurationName = Release;
		};
		58BA4B2B284A471700E74B96 /* Build configuration list for PBXNativeTarget "unittests" */ = {
			isa = XCConfigurationList;
			buildConfigurations = (
				58BA4B2C284A471700E74B96 /* Debug */,
				58BA4B2D284A471700E74B96 /* Release */,
			);
			defaultConfigurationIsVisible = 0;
			defaultConfigurationName = Release;
		};
/* End XCConfigurationList section */
	};
	rootObject = 58BA4B11284A46E800E74B96 /* Project object */;
}
